
Microsoft Visual Studio Solution File, Format Version 12.00
# Visual Studio Version 17
VisualStudioVersion = 17.2.32602.215
MinimumVisualStudioVersion = 10.0.40219.1
Project("{FAE04EC0-301F-11D3-BF4B-00C04F79EFBC}") = "CoffeeShopsProducts", "CoffeeShopsProducts\CoffeeShopsProducts.csproj", "{1CFDD4EF-9E52-4318-8310-ED7A2C5475D5}"
EndProject
Global
	GlobalSection(SolutionConfigurationPlatforms) = preSolution
		Debug|Any CPU = Debug|Any CPU
		Release|Any CPU = Release|Any CPU
	EndGlobalSection
	GlobalSection(ProjectConfigurationPlatforms) = postSolution
		{1CFDD4EF-9E52-4318-8310-ED7A2C5475D5}.Debug|Any CPU.ActiveCfg = Debug|Any CPU
		{1CFDD4EF-9E52-4318-8310-ED7A2C5475D5}.Debug|Any CPU.Build.0 = Debug|Any CPU
		{1CFDD4EF-9E52-4318-8310-ED7A2C5475D5}.Release|Any CPU.ActiveCfg = Release|Any CPU
		{1CFDD4EF-9E52-4318-8310-ED7A2C5475D5}.Release|Any CPU.Build.0 = Release|Any CPU
	EndGlobalSection
	GlobalSection(SolutionProperties) = preSolution
		HideSolutionNode = FALSE
	EndGlobalSection
	GlobalSection(ExtensibilityGlobals) = postSolution
		SolutionGuid = {C28B3B2C-DC98-4EFD-8975-D2DB19125BDF}
	EndGlobalSection
EndGlobal
